// !$*UTF8*$!
{
	archiveVersion = 1;
	classes = {
	};
	objectVersion = 46;
	objects = {

/* Begin PBXBuildFile section */
		10E6FCB073C5A59657A52AA3 /* Pods_Twitter.framework in Frameworks */ = {isa = PBXBuildFile; fileRef = 0C55D0542F37C33FB7FAB0B6 /* Pods_Twitter.framework */; };
		C63EC0DB1E9DA0AB0031F30A /* AppDelegate.swift in Sources */ = {isa = PBXBuildFile; fileRef = C63EC0DA1E9DA0AB0031F30A /* AppDelegate.swift */; };
		C63EC0E01E9DA0AB0031F30A /* Main.storyboard in Resources */ = {isa = PBXBuildFile; fileRef = C63EC0DE1E9DA0AB0031F30A /* Main.storyboard */; };
		C63EC0E21E9DA0AB0031F30A /* Assets.xcassets in Resources */ = {isa = PBXBuildFile; fileRef = C63EC0E11E9DA0AB0031F30A /* Assets.xcassets */; };
		C63EC0E51E9DA0AB0031F30A /* LaunchScreen.storyboard in Resources */ = {isa = PBXBuildFile; fileRef = C63EC0E31E9DA0AB0031F30A /* LaunchScreen.storyboard */; };
		C63EC0ED1E9DAA460031F30A /* LoginViewController.swift in Sources */ = {isa = PBXBuildFile; fileRef = C63EC0EC1E9DAA460031F30A /* LoginViewController.swift */; };
		C6603A2B1E9E58A3003F2795 /* User.swift in Sources */ = {isa = PBXBuildFile; fileRef = C6603A2A1E9E58A3003F2795 /* User.swift */; };
		C6603A2D1E9E58AD003F2795 /* Tweet.swift in Sources */ = {isa = PBXBuildFile; fileRef = C6603A2C1E9E58AD003F2795 /* Tweet.swift */; };
		C6603A2F1E9E61AF003F2795 /* TwitterClient.swift in Sources */ = {isa = PBXBuildFile; fileRef = C6603A2E1E9E61AF003F2795 /* TwitterClient.swift */; };
		C6603A311E9E772C003F2795 /* TweetsViewController.swift in Sources */ = {isa = PBXBuildFile; fileRef = C6603A301E9E772C003F2795 /* TweetsViewController.swift */; };
/* End PBXBuildFile section */

/* Begin PBXFileReference section */
		0C55D0542F37C33FB7FAB0B6 /* Pods_Twitter.framework */ = {isa = PBXFileReference; explicitFileType = wrapper.framework; includeInIndex = 0; path = Pods_Twitter.framework; sourceTree = BUILT_PRODUCTS_DIR; };
		0C6354229D03419C5FC398BB /* Pods-Twitter.debug.xcconfig */ = {isa = PBXFileReference; includeInIndex = 1; lastKnownFileType = text.xcconfig; name = "Pods-Twitter.debug.xcconfig"; path = "Pods/Target Support Files/Pods-Twitter/Pods-Twitter.debug.xcconfig"; sourceTree = "<group>"; };
		30F27903B44E4F58647F9871 /* Pods-Twitter.release.xcconfig */ = {isa = PBXFileReference; includeInIndex = 1; lastKnownFileType = text.xcconfig; name = "Pods-Twitter.release.xcconfig"; path = "Pods/Target Support Files/Pods-Twitter/Pods-Twitter.release.xcconfig"; sourceTree = "<group>"; };
		C63EC0D71E9DA0AB0031F30A /* Twitter.app */ = {isa = PBXFileReference; explicitFileType = wrapper.application; includeInIndex = 0; path = Twitter.app; sourceTree = BUILT_PRODUCTS_DIR; };
		C63EC0DA1E9DA0AB0031F30A /* AppDelegate.swift */ = {isa = PBXFileReference; lastKnownFileType = sourcecode.swift; path = AppDelegate.swift; sourceTree = "<group>"; };
		C63EC0DF1E9DA0AB0031F30A /* Base */ = {isa = PBXFileReference; lastKnownFileType = file.storyboard; name = Base; path = Base.lproj/Main.storyboard; sourceTree = "<group>"; };
		C63EC0E11E9DA0AB0031F30A /* Assets.xcassets */ = {isa = PBXFileReference; lastKnownFileType = folder.assetcatalog; path = Assets.xcassets; sourceTree = "<group>"; };
		C63EC0E41E9DA0AB0031F30A /* Base */ = {isa = PBXFileReference; lastKnownFileType = file.storyboard; name = Base; path = Base.lproj/LaunchScreen.storyboard; sourceTree = "<group>"; };
		C63EC0E61E9DA0AB0031F30A /* Info.plist */ = {isa = PBXFileReference; lastKnownFileType = text.plist.xml; path = Info.plist; sourceTree = "<group>"; };
		C63EC0EC1E9DAA460031F30A /* LoginViewController.swift */ = {isa = PBXFileReference; fileEncoding = 4; lastKnownFileType = sourcecode.swift; path = LoginViewController.swift; sourceTree = "<group>"; };
		C6603A2A1E9E58A3003F2795 /* User.swift */ = {isa = PBXFileReference; fileEncoding = 4; lastKnownFileType = sourcecode.swift; path = User.swift; sourceTree = "<group>"; };
		C6603A2C1E9E58AD003F2795 /* Tweet.swift */ = {isa = PBXFileReference; fileEncoding = 4; lastKnownFileType = sourcecode.swift; path = Tweet.swift; sourceTree = "<group>"; };
		C6603A2E1E9E61AF003F2795 /* TwitterClient.swift */ = {isa = PBXFileReference; fileEncoding = 4; lastKnownFileType = sourcecode.swift; path = TwitterClient.swift; sourceTree = "<group>"; };
		C6603A301E9E772C003F2795 /* TweetsViewController.swift */ = {isa = PBXFileReference; fileEncoding = 4; lastKnownFileType = sourcecode.swift; path = TweetsViewController.swift; sourceTree = "<group>"; };
/* End PBXFileReference section */

/* Begin PBXFrameworksBuildPhase section */
		C63EC0D41E9DA0AB0031F30A /* Frameworks */ = {
			isa = PBXFrameworksBuildPhase;
			buildActionMask = 2147483647;
			files = (
				10E6FCB073C5A59657A52AA3 /* Pods_Twitter.framework in Frameworks */,
			);
			runOnlyForDeploymentPostprocessing = 0;
		};
/* End PBXFrameworksBuildPhase section */

/* Begin PBXGroup section */
		B7DDF2B24E2A6B51250DC305 /* Frameworks */ = {
			isa = PBXGroup;
			children = (
				0C55D0542F37C33FB7FAB0B6 /* Pods_Twitter.framework */,
			);
			name = Frameworks;
			sourceTree = "<group>";
		};
		BF2895F8A1EC9E2B2D52DA58 /* Pods */ = {
			isa = PBXGroup;
			children = (
				0C6354229D03419C5FC398BB /* Pods-Twitter.debug.xcconfig */,
				30F27903B44E4F58647F9871 /* Pods-Twitter.release.xcconfig */,
			);
			name = Pods;
			sourceTree = "<group>";
		};
		C63EC0CE1E9DA0AB0031F30A = {
			isa = PBXGroup;
			children = (
				C63EC0D91E9DA0AB0031F30A /* Twitter */,
				C63EC0D81E9DA0AB0031F30A /* Products */,
				BF2895F8A1EC9E2B2D52DA58 /* Pods */,
				B7DDF2B24E2A6B51250DC305 /* Frameworks */,
			);
			sourceTree = "<group>";
		};
		C63EC0D81E9DA0AB0031F30A /* Products */ = {
			isa = PBXGroup;
			children = (
				C63EC0D71E9DA0AB0031F30A /* Twitter.app */,
			);
			name = Products;
			sourceTree = "<group>";
		};
		C63EC0D91E9DA0AB0031F30A /* Twitter */ = {
			isa = PBXGroup;
			children = (
				C63EC0DA1E9DA0AB0031F30A /* AppDelegate.swift */,
				C6603A291E9E585A003F2795 /* View Controllers */,
				C6603A281E9E584E003F2795 /* API */,
				C6603A271E9E5844003F2795 /* Model */,
				C63EC0DE1E9DA0AB0031F30A /* Main.storyboard */,
				C63EC0E11E9DA0AB0031F30A /* Assets.xcassets */,
				C63EC0E31E9DA0AB0031F30A /* LaunchScreen.storyboard */,
				C63EC0E61E9DA0AB0031F30A /* Info.plist */,
			);
			path = Twitter;
			sourceTree = "<group>";
		};
		C6603A271E9E5844003F2795 /* Model */ = {
			isa = PBXGroup;
			children = (
				C6603A2A1E9E58A3003F2795 /* User.swift */,
				C6603A2C1E9E58AD003F2795 /* Tweet.swift */,
			);
			name = Model;
			sourceTree = "<group>";
		};
		C6603A281E9E584E003F2795 /* API */ = {
			isa = PBXGroup;
			children = (
				C6603A2E1E9E61AF003F2795 /* TwitterClient.swift */,
			);
			name = API;
			sourceTree = "<group>";
		};
		C6603A291E9E585A003F2795 /* View Controllers */ = {
			isa = PBXGroup;
			children = (
				C63EC0EC1E9DAA460031F30A /* LoginViewController.swift */,
				C6603A301E9E772C003F2795 /* TweetsViewController.swift */,
			);
			name = "View Controllers";
			sourceTree = "<group>";
		};
/* End PBXGroup section */

/* Begin PBXNativeTarget section */
		C63EC0D61E9DA0AB0031F30A /* Twitter */ = {
			isa = PBXNativeTarget;
			buildConfigurationList = C63EC0E91E9DA0AB0031F30A /* Build configuration list for PBXNativeTarget "Twitter" */;
			buildPhases = (
				2CC94758B94470AE6DC3312B /* [CP] Check Pods Manifest.lock */,
				C63EC0D31E9DA0AB0031F30A /* Sources */,
				C63EC0D41E9DA0AB0031F30A /* Frameworks */,
				C63EC0D51E9DA0AB0031F30A /* Resources */,
				D53824C3DAE84986FA215F6D /* [CP] Embed Pods Frameworks */,
				4DC8774821408B3F6F3B3AC0 /* [CP] Copy Pods Resources */,
			);
			buildRules = (
			);
			dependencies = (
			);
			name = Twitter;
			productName = Twitter;
			productReference = C63EC0D71E9DA0AB0031F30A /* Twitter.app */;
			productType = "com.apple.product-type.application";
		};
/* End PBXNativeTarget section */

/* Begin PBXProject section */
		C63EC0CF1E9DA0AB0031F30A /* Project object */ = {
			isa = PBXProject;
			attributes = {
				LastSwiftUpdateCheck = 0830;
				LastUpgradeCheck = 0830;
				ORGANIZATIONNAME = "Arthur Burgin";
				TargetAttributes = {
					C63EC0D61E9DA0AB0031F30A = {
						CreatedOnToolsVersion = 8.3.1;
						DevelopmentTeam = X98Q92NT72;
						ProvisioningStyle = Automatic;
					};
				};
			};
			buildConfigurationList = C63EC0D21E9DA0AB0031F30A /* Build configuration list for PBXProject "Twitter" */;
			compatibilityVersion = "Xcode 3.2";
			developmentRegion = English;
			hasScannedForEncodings = 0;
			knownRegions = (
				en,
				Base,
			);
			mainGroup = C63EC0CE1E9DA0AB0031F30A;
			productRefGroup = C63EC0D81E9DA0AB0031F30A /* Products */;
			projectDirPath = "";
			projectRoot = "";
			targets = (
				C63EC0D61E9DA0AB0031F30A /* Twitter */,
			);
		};
/* End PBXProject section */

/* Begin PBXResourcesBuildPhase section */
		C63EC0D51E9DA0AB0031F30A /* Resources */ = {
			isa = PBXResourcesBuildPhase;
			buildActionMask = 2147483647;
			files = (
				C63EC0E51E9DA0AB0031F30A /* LaunchScreen.storyboard in Resources */,
				C63EC0E21E9DA0AB0031F30A /* Assets.xcassets in Resources */,
				C63EC0E01E9DA0AB0031F30A /* Main.storyboard in Resources */,
			);
			runOnlyForDeploymentPostprocessing = 0;
		};
/* End PBXResourcesBuildPhase section */

/* Begin PBXShellScriptBuildPhase section */
		2CC94758B94470AE6DC3312B /* [CP] Check Pods Manifest.lock */ = {
			isa = PBXShellScriptBuildPhase;
			buildActionMask = 2147483647;
			files = (
			);
			inputPaths = (
			);
			name = "[CP] Check Pods Manifest.lock";
			outputPaths = (
			);
			runOnlyForDeploymentPostprocessing = 0;
			shellPath = /bin/sh;
			shellScript = "diff \"${PODS_ROOT}/../Podfile.lock\" \"${PODS_ROOT}/Manifest.lock\" > /dev/null\nif [ $? != 0 ] ; then\n    # print error to STDERR\n    echo \"error: The sandbox is not in sync with the Podfile.lock. Run 'pod install' or update your CocoaPods installation.\" >&2\n    exit 1\nfi\n";
			showEnvVarsInLog = 0;
		};
		4DC8774821408B3F6F3B3AC0 /* [CP] Copy Pods Resources */ = {
			isa = PBXShellScriptBuildPhase;
			buildActionMask = 2147483647;
			files = (
			);
			inputPaths = (
			);
			name = "[CP] Copy Pods Resources";
			outputPaths = (
			);
			runOnlyForDeploymentPostprocessing = 0;
			shellPath = /bin/sh;
			shellScript = "\"${SRCROOT}/Pods/Target Support Files/Pods-Twitter/Pods-Twitter-resources.sh\"\n";
			showEnvVarsInLog = 0;
		};
		D53824C3DAE84986FA215F6D /* [CP] Embed Pods Frameworks */ = {
			isa = PBXShellScriptBuildPhase;
			buildActionMask = 2147483647;
			files = (
			);
			inputPaths = (
			);
			name = "[CP] Embed Pods Frameworks";
			outputPaths = (
			);
			runOnlyForDeploymentPostprocessing = 0;
			shellPath = /bin/sh;
			shellScript = "\"${SRCROOT}/Pods/Target Support Files/Pods-Twitter/Pods-Twitter-frameworks.sh\"\n";
			showEnvVarsInLog = 0;
		};
/* End PBXShellScriptBuildPhase section */

/* Begin PBXSourcesBuildPhase section */
		C63EC0D31E9DA0AB0031F30A /* Sources */ = {
			isa = PBXSourcesBuildPhase;
			buildActionMask = 2147483647;
			files = (
				C6603A2F1E9E61AF003F2795 /* TwitterClient.swift in Sources */,
				C63EC0ED1E9DAA460031F30A /* LoginViewController.swift in Sources */,
				C6603A311E9E772C003F2795 /* TweetsViewController.swift in Sources */,
				C63EC0DB1E9DA0AB0031F30A /* AppDelegate.swift in Sources */,
				C6603A2B1E9E58A3003F2795 /* User.swift in Sources */,
				C6603A2D1E9E58AD003F2795 /* Tweet.swift in Sources */,
			);
			runOnlyForDeploymentPostprocessing = 0;
		};
/* End PBXSourcesBuildPhase section */

/* Begin PBXVariantGroup section */
		C63EC0DE1E9DA0AB0031F30A /* Main.storyboard */ = {
			isa = PBXVariantGroup;
			children = (
				C63EC0DF1E9DA0AB0031F30A /* Base */,
			);
			name = Main.storyboard;
			sourceTree = "<group>";
		};
		C63EC0E31E9DA0AB0031F30A /* LaunchScreen.storyboard */ = {
			isa = PBXVariantGroup;
			children = (
				C63EC0E41E9DA0AB0031F30A /* Base */,
			);
			name = LaunchScreen.storyboard;
			sourceTree = "<group>";
		};
/* End PBXVariantGroup section */

/* Begin XCBuildConfiguration section */
		C63EC0E71E9DA0AB0031F30A /* Debug */ = {
			isa = XCBuildConfiguration;
			buildSettings = {
				ALWAYS_SEARCH_USER_PATHS = NO;
				CLANG_ANALYZER_NONNULL = YES;
				CLANG_ANALYZER_NUMBER_OBJECT_CONVERSION = YES_AGGRESSIVE;
				CLANG_CXX_LANGUAGE_STANDARD = "gnu++0x";
				CLANG_CXX_LIBRARY = "libc++";
				CLANG_ENABLE_MODULES = YES;
				CLANG_ENABLE_OBJC_ARC = YES;
				CLANG_WARN_BOOL_CONVERSION = YES;
				CLANG_WARN_CONSTANT_CONVERSION = YES;
				CLANG_WARN_DIRECT_OBJC_ISA_USAGE = YES_ERROR;
				CLANG_WARN_DOCUMENTATION_COMMENTS = YES;
				CLANG_WARN_EMPTY_BODY = YES;
				CLANG_WARN_ENUM_CONVERSION = YES;
				CLANG_WARN_INFINITE_RECURSION = YES;
				CLANG_WARN_INT_CONVERSION = YES;
				CLANG_WARN_OBJC_ROOT_CLASS = YES_ERROR;
				CLANG_WARN_SUSPICIOUS_MOVE = YES;
				CLANG_WARN_UNREACHABLE_CODE = YES;
				CLANG_WARN__DUPLICATE_METHOD_MATCH = YES;
				"CODE_SIGN_IDENTITY[sdk=iphoneos*]" = "iPhone Developer";
				COPY_PHASE_STRIP = NO;
				DEBUG_INFORMATION_FORMAT = dwarf;
				ENABLE_STRICT_OBJC_MSGSEND = YES;
				ENABLE_TESTABILITY = YES;
				GCC_C_LANGUAGE_STANDARD = gnu99;
				GCC_DYNAMIC_NO_PIC = NO;
				GCC_NO_COMMON_BLOCKS = YES;
				GCC_OPTIMIZATION_LEVEL = 0;
				GCC_PREPROCESSOR_DEFINITIONS = (
					"DEBUG=1",
					"$(inherited)",
				);
				GCC_WARN_64_TO_32_BIT_CONVERSION = YES;
				GCC_WARN_ABOUT_RETURN_TYPE = YES_ERROR;
				GCC_WARN_UNDECLARED_SELECTOR = YES;
				GCC_WARN_UNINITIALIZED_AUTOS = YES_AGGRESSIVE;
				GCC_WARN_UNUSED_FUNCTION = YES;
				GCC_WARN_UNUSED_VARIABLE = YES;
				IPHONEOS_DEPLOYMENT_TARGET = 10.3;
				MTL_ENABLE_DEBUG_INFO = YES;
				ONLY_ACTIVE_ARCH = YES;
				SDKROOT = iphoneos;
				SWIFT_ACTIVE_COMPILATION_CONDITIONS = DEBUG;
				SWIFT_OPTIMIZATION_LEVEL = "-Onone";
			};
			name = Debug;
		};
		C63EC0E81E9DA0AB0031F30A /* Release */ = {
			isa = XCBuildConfiguration;
			buildSettings = {
				ALWAYS_SEARCH_USER_PATHS = NO;
				CLANG_ANALYZER_NONNULL = YES;
				CLANG_ANALYZER_NUMBER_OBJECT_CONVERSION = YES_AGGRESSIVE;
				CLANG_CXX_LANGUAGE_STANDARD = "gnu++0x";
				CLANG_CXX_LIBRARY = "libc++";
				CLANG_ENABLE_MODULES = YES;
				CLANG_ENABLE_OBJC_ARC = YES;
				CLANG_WARN_BOOL_CONVERSION = YES;
				CLANG_WARN_CONSTANT_CONVERSION = YES;
				CLANG_WARN_DIRECT_OBJC_ISA_USAGE = YES_ERROR;
				CLANG_WARN_DOCUMENTATION_COMMENTS = YES;
				CLANG_WARN_EMPTY_BODY = YES;
				CLANG_WARN_ENUM_CONVERSION = YES;
				CLANG_WARN_INFINITE_RECURSION = YES;
				CLANG_WARN_INT_CONVERSION = YES;
				CLANG_WARN_OBJC_ROOT_CLASS = YES_ERROR;
				CLANG_WARN_SUSPICIOUS_MOVE = YES;
				CLANG_WARN_UNREACHABLE_CODE = YES;
				CLANG_WARN__DUPLICATE_METHOD_MATCH = YES;
				"CODE_SIGN_IDENTITY[sdk=iphoneos*]" = "iPhone Developer";
				COPY_PHASE_STRIP = NO;
				DEBUG_INFORMATION_FORMAT = "dwarf-with-dsym";
				ENABLE_NS_ASSERTIONS = NO;
				ENABLE_STRICT_OBJC_MSGSEND = YES;
				GCC_C_LANGUAGE_STANDARD = gnu99;
				GCC_NO_COMMON_BLOCKS = YES;
				GCC_WARN_64_TO_32_BIT_CONVERSION = YES;
				GCC_WARN_ABOUT_RETURN_TYPE = YES_ERROR;
				GCC_WARN_UNDECLARED_SELECTOR = YES;
				GCC_WARN_UNINITIALIZED_AUTOS = YES_AGGRESSIVE;
				GCC_WARN_UNUSED_FUNCTION = YES;
				GCC_WARN_UNUSED_VARIABLE = YES;
				IPHONEOS_DEPLOYMENT_TARGET = 10.3;
				MTL_ENABLE_DEBUG_INFO = NO;
				SDKROOT = iphoneos;
				SWIFT_OPTIMIZATION_LEVEL = "-Owholemodule";
				VALIDATE_PRODUCT = YES;
			};
			name = Release;
		};
		C63EC0EA1E9DA0AB0031F30A /* Debug */ = {
			isa = XCBuildConfiguration;
			baseConfigurationReference = 0C6354229D03419C5FC398BB /* Pods-Twitter.debug.xcconfig */;
			buildSettings = {
				ASSETCATALOG_COMPILER_APPICON_NAME = AppIcon;
				DEVELOPMENT_TEAM = X98Q92NT72;
				INFOPLIST_FILE = Twitter/Info.plist;
				LD_RUNPATH_SEARCH_PATHS = "$(inherited) @executable_path/Frameworks";
				PRODUCT_BUNDLE_IDENTIFIER = com.arthurburgin.Twitter;
				PRODUCT_NAME = "$(TARGET_NAME)";
				SWIFT_VERSION = 3.0;
			};
			name = Debug;
		};
		C63EC0EB1E9DA0AB0031F30A /* Release */ = {
			isa = XCBuildConfiguration;
			baseConfigurationReference = 30F27903B44E4F58647F9871 /* Pods-Twitter.release.xcconfig */;
			buildSettings = {
				ASSETCATALOG_COMPILER_APPICON_NAME = AppIcon;
				DEVELOPMENT_TEAM = X98Q92NT72;
				INFOPLIST_FILE = Twitter/Info.plist;
				LD_RUNPATH_SEARCH_PATHS = "$(inherited) @executable_path/Frameworks";
				PRODUCT_BUNDLE_IDENTIFIER = com.arthurburgin.Twitter;
				PRODUCT_NAME = "$(TARGET_NAME)";
				SWIFT_VERSION = 3.0;
			};
			name = Release;
		};
/* End XCBuildConfiguration section */

/* Begin XCConfigurationList section */
		C63EC0D21E9DA0AB0031F30A /* Build configuration list for PBXProject "Twitter" */ = {
			isa = XCConfigurationList;
			buildConfigurations = (
				C63EC0E71E9DA0AB0031F30A /* Debug */,
				C63EC0E81E9DA0AB0031F30A /* Release */,
			);
			defaultConfigurationIsVisible = 0;
			defaultConfigurationName = Release;
		};
		C63EC0E91E9DA0AB0031F30A /* Build configuration list for PBXNativeTarget "Twitter" */ = {
			isa = XCConfigurationList;
			buildConfigurations = (
				C63EC0EA1E9DA0AB0031F30A /* Debug */,
				C63EC0EB1E9DA0AB0031F30A /* Release */,
			);
			defaultConfigurationIsVisible = 0;
			defaultConfigurationName = Release;
		};
/* End XCConfigurationList section */
	};
	rootObject = C63EC0CF1E9DA0AB0031F30A /* Project object */;
}
